
Microsoft Visual Studio Solution File, Format Version 12.00
# Visual Studio Version 17
VisualStudioVersion = 17.0.31903.59
MinimumVisualStudioVersion = 10.0.40219.1
Project("{2150E333-8FDC-42A3-9474-1A3956D46DE8}") = "Engine", "Engine", "{D585295F-7994-3649-1065-7AA403C41681}"
EndProject
Project("{FAE04EC0-301F-11D3-BF4B-00C04F79EFBC}") = "Fdp.Core.Benchmarks", "Engine\Fdp.Core.Benchmarks\Fdp.Core.Benchmarks.csproj", "{1167A104-E873-467D-8683-000C33988C18}"
EndProject
Project("{FAE04EC0-301F-11D3-BF4B-00C04F79EFBC}") = "Fdp.Core", "Engine\Fdp.Core\Fdp.Core.csproj", "{7D9AD604-D701-46B1-8984-5D5BEBCBA95E}"
EndProject
Project("{FAE04EC0-301F-11D3-BF4B-00C04F79EFBC}") = "Fdp.Core.Tests", "Engine\Fdp.Core.Tests\Fdp.Core.Tests.csproj", "{249D8A80-2A06-4F07-8CA4-888427B02C94}"
EndProject
Project("{2150E333-8FDC-42A3-9474-1A3956D46DE8}") = "Toolkits", "Toolkits", "{96325926-29F6-0B84-8A4B-7BABB1BC774A}"
EndProject
Project("{FAE04EC0-301F-11D3-BF4B-00C04F79EFBC}") = "Fdp.Toolkits", "Toolkits\Fdp.Toolkits\Fdp.Toolkits.csproj", "{03427724-8605-4802-9711-D7228F8B43BF}"
EndProject
Project("{2150E333-8FDC-42A3-9474-1A3956D46DE8}") = "ExtDeps", "ExtDeps", "{6549D739-F68F-20E4-1164-8F5FB18DFBD5}"
EndProject
Project("{2150E333-8FDC-42A3-9474-1A3956D46DE8}") = "FastBTree", "FastBTree", "{8322FE1F-D5B6-B8B3-60A9-1037745FCEB7}"
EndProject
Project("{2150E333-8FDC-42A3-9474-1A3956D46DE8}") = "src", "src", "{2B6B08A5-6F25-22A2-72D7-62F1E1F27E74}"
EndProject
Project("{FAE04EC0-301F-11D3-BF4B-00C04F79EFBC}") = "Fbt.Kernel", "ExtDeps\FastBTree\src\Fbt.Kernel\Fbt.Kernel.csproj", "{FF00EEB1-07BE-40D0-BE2E-1D78416C6846}"
EndProject
Project("{2150E333-8FDC-42A3-9474-1A3956D46DE8}") = "FastHSM", "FastHSM", "{264091AB-4DDE-7A6A-C275-71E0B9D977C4}"
EndProject
Project("{2150E333-8FDC-42A3-9474-1A3956D46DE8}") = "src", "src", "{469CF97D-7777-7179-0F4D-73A5923FC385}"
EndProject
Project("{FAE04EC0-301F-11D3-BF4B-00C04F79EFBC}") = "Fhsm.Kernel", "ExtDeps\FastHSM\src\Fhsm.Kernel\Fhsm.Kernel.csproj", "{BC5E361D-C907-4010-8A28-CC8102210524}"
EndProject
Project("{FAE04EC0-301F-11D3-BF4B-00C04F79EFBC}") = "Fdp.ModuleHost.Tests", "Engine\Fdp.ModuleHost.Tests\Fdp.ModuleHost.Tests.csproj", "{1C059652-8FD0-4F63-BD65-CF829280EB94}"
EndProject
Project("{FAE04EC0-301F-11D3-BF4B-00C04F79EFBC}") = "Fdp.Presentation.Tests", "Engine\Fdp.Presentation.Tests\Fdp.Presentation.Tests.csproj", "{FF54ED74-FC31-4AA1-A876-39224F6A858F}"
EndProject
Project("{FAE04EC0-301F-11D3-BF4B-00C04F79EFBC}") = "Fdp.Presentation", "Engine\Fdp.Presentation\Fdp.Presentation.csproj", "{53D4DDBE-22B8-4D49-B94E-523535A08E59}"
EndProject
Project("{2150E333-8FDC-42A3-9474-1A3956D46DE8}") = "Examples", "Examples", "{B36A84DF-456D-A817-6EDD-3EC3E7F6E11F}"
EndProject
Project("{FAE04EC0-301F-11D3-BF4B-00C04F79EFBC}") = "Fdp.Examples.CarKinem.Tests", "Examples\Fdp.Examples.CarKinem.Tests\Fdp.Examples.CarKinem.Tests.csproj", "{9109DC59-F2E3-42CC-B3E9-6558206B5525}"
EndProject
Project("{FAE04EC0-301F-11D3-BF4B-00C04F79EFBC}") = "Fdp.Examples.CarKinem", "Examples\Fdp.Examples.CarKinem\Fdp.Examples.CarKinem.csproj", "{A1747456-BD28-4DA6-AAF8-BD108BBC69DB}"
EndProject
Project("{FAE04EC0-301F-11D3-BF4B-00C04F79EFBC}") = "Fdp.Examples.Common", "Examples\Fdp.Examples.Common\Fdp.Examples.Common.csproj", "{1A9F4426-E120-4097-9405-A38D8532C67A}"
EndProject
Project("{FAE04EC0-301F-11D3-BF4B-00C04F79EFBC}") = "Fdp.Examples.DDS", "Examples\Fdp.Examples.DDS\Fdp.Examples.DDS.csproj", "{3E343B64-20F0-4828-A639-0A1E05264DCE}"
EndProject
Project("{FAE04EC0-301F-11D3-BF4B-00C04F79EFBC}") = "Fdp.Examples.DER", "Examples\Fdp.Examples.DER\Fdp.Examples.DER.csproj", "{BE0F87B7-F90D-475A-A36A-C87B03F9963E}"
EndProject
Project("{FAE04EC0-301F-11D3-BF4B-00C04F79EFBC}") = "Fdp.Examples.IdAllocatorDemo", "Examples\Fdp.Examples.IdAllocatorDemo\Fdp.Examples.IdAllocatorDemo.csproj", "{32C9E428-6026-4AF3-AE12-340B4E1C7F9C}"
EndProject
Project("{2150E333-8FDC-42A3-9474-1A3956D46DE8}") = "Network", "Network", "{9D4504F6-C258-95D7-6D4D-E8C508D09056}"
EndProject
Project("{FAE04EC0-301F-11D3-BF4B-00C04F79EFBC}") = "Fdp.Network.Cyclone", "Network\Fdp.Network.Cyclone\Fdp.Network.Cyclone.csproj", "{57A5F5CE-5FB8-4EA2-AC6A-5437B724E68D}"
EndProject
Project("{FAE04EC0-301F-11D3-BF4B-00C04F79EFBC}") = "Fdp.Examples.Runner", "Examples\Fdp.Examples.Runner\Fdp.Examples.Runner.csproj", "{15893585-52A1-41C6-A7A4-089C31254B22}"
EndProject
Project("{FAE04EC0-301F-11D3-BF4B-00C04F79EFBC}") = "Fdp.Examples.Scenarios", "Examples\Fdp.Examples.Scenarios\Fdp.Examples.Scenarios.csproj", "{A3097CFD-0126-491D-91CD-7F24D9184F72}"
EndProject
Project("{FAE04EC0-301F-11D3-BF4B-00C04F79EFBC}") = "Fhsm.Compiler", "ExtDeps\FastHSM\src\Fhsm.Compiler\Fhsm.Compiler.csproj", "{291A59F3-5043-4D55-BEF3-23EF76444061}"
EndProject
Project("{FAE04EC0-301F-11D3-BF4B-00C04F79EFBC}") = "Fdp.Examples.Scenarios.Tests", "Examples\Fdp.Examples.Scenarios.Tests\Fdp.Examples.Scenarios.Tests.csproj", "{54A9F432-7686-4072-ABC5-6AB9FC86B3AD}"
EndProject
Project("{FAE04EC0-301F-11D3-BF4B-00C04F79EFBC}") = "Fdp.Examples.UrbanCombat.Tests", "Examples\Fdp.Examples.UrbanCombat.Tests\Fdp.Examples.UrbanCombat.Tests.csproj", "{E9D6CFD0-CC60-4A72-BA4E-87B26A9AAACE}"
EndProject
Project("{FAE04EC0-301F-11D3-BF4B-00C04F79EFBC}") = "Fdp.Examples.UrbanCombat", "Examples\Fdp.Examples.UrbanCombat\Fdp.Examples.UrbanCombat.csproj", "{FDC859DB-FC23-4194-B019-6D4AFB40C37B}"
EndProject
Project("{FAE04EC0-301F-11D3-BF4B-00C04F79EFBC}") = "Fdp.Network.Cyclone.Tests", "Network\Fdp.Network.Cyclone.Tests\Fdp.Network.Cyclone.Tests.csproj", "{FC4E43D4-8068-432D-8893-FEDBEA22C542}"
EndProject
Project("{FAE04EC0-301F-11D3-BF4B-00C04F79EFBC}") = "Fdp.Toolkits.Tests", "Toolkits\Fdp.Toolkits.Tests\Fdp.Toolkits.Tests.csproj", "{A37D7B68-BB16-4631-B57A-F466A004A103}"
EndProject
Project("{2150E333-8FDC-42A3-9474-1A3956D46DE8}") = "Diagnostics", "Diagnostics", "{104D6D83-5915-BAB6-8369-38FF5955A492}"
EndProject
Project("{FAE04EC0-301F-11D3-BF4B-00C04F79EFBC}") = "Fdp.Diagnostics.Contracts", "Diagnostics\Fdp.Diagnostics.Contracts\Fdp.Diagnostics.Contracts.csproj", "{82431B3A-36DA-43E5-8C3F-F28884747821}"
EndProject
Project("{FAE04EC0-301F-11D3-BF4B-00C04F79EFBC}") = "Fdp.Diagnostics.Network", "Diagnostics\Fdp.Diagnostics.Network\Fdp.Diagnostics.Network.csproj", "{57153E0D-C0AB-4DAD-B49D-463D0EA22C11}"
EndProject
Project("{2150E333-8FDC-42A3-9474-1A3956D46DE8}") = "Tools", "Tools", "{A1B2C3D4-E5F6-7890-ABCD-EF1234567890}"
EndProject
Project("{FAE04EC0-301F-11D3-BF4B-00C04F79EFBC}") = "Fdp.Tools.RecordingDumper", "Tools\Fdp.Tools.RecordingDumper\Fdp.Tools.RecordingDumper.csproj", "{B2C3D4E5-F6A7-8901-BCDE-F01234567891}"
EndProject
Project("{FAE04EC0-301F-11D3-BF4B-00C04F79EFBC}") = "Fdp.Tools.RecordingDumper.Tests", "Tools\Fdp.Tools.RecordingDumper.Tests\Fdp.Tools.RecordingDumper.Tests.csproj", "{C3D4E5F6-A7B8-9012-CDEF-012345678902}"
EndProject
Project("{2150E333-8FDC-42A3-9474-1A3956D46DE8}") = "Fdp.Toolkit.Tkb.SourceGen", "Fdp.Toolkit.Tkb.SourceGen", "{4D76E403-0C9B-1563-5352-B9077741F715}"
EndProject
Project("{FAE04EC0-301F-11D3-BF4B-00C04F79EFBC}") = "Tkb.SourceGen", "Toolkits\Fdp.Toolkit.Tkb.SourceGen\Tkb.SourceGen.csproj", "{BF66358A-FDF1-40CB-9046-FDE2F4A9EEF1}"
EndProject
Global
	GlobalSection(SolutionConfigurationPlatforms) = preSolution
		Debug|Any CPU = Debug|Any CPU
		Debug|x64 = Debug|x64
		Debug|x86 = Debug|x86
		Release|Any CPU = Release|Any CPU
		Release|x64 = Release|x64
		Release|x86 = Release|x86
	EndGlobalSection
	GlobalSection(ProjectConfigurationPlatforms) = postSolution
		{1167A104-E873-467D-8683-000C33988C18}.Debug|Any CPU.ActiveCfg = Debug|Any CPU
		{1167A104-E873-467D-8683-000C33988C18}.Debug|Any CPU.Build.0 = Debug|Any CPU
		{1167A104-E873-467D-8683-000C33988C18}.Debug|x64.ActiveCfg = Debug|Any CPU
		{1167A104-E873-467D-8683-000C33988C18}.Debug|x64.Build.0 = Debug|Any CPU
		{1167A104-E873-467D-8683-000C33988C18}.Debug|x86.ActiveCfg = Debug|Any CPU
		{1167A104-E873-467D-8683-000C33988C18}.Debug|x86.Build.0 = Debug|Any CPU
		{1167A104-E873-467D-8683-000C33988C18}.Release|Any CPU.ActiveCfg = Release|Any CPU
		{1167A104-E873-467D-8683-000C33988C18}.Release|Any CPU.Build.0 = Release|Any CPU
		{1167A104-E873-467D-8683-000C33988C18}.Release|x64.ActiveCfg = Release|Any CPU
		{1167A104-E873-467D-8683-000C33988C18}.Release|x64.Build.0 = Release|Any CPU
		{1167A104-E873-467D-8683-000C33988C18}.Release|x86.ActiveCfg = Release|Any CPU
		{1167A104-E873-467D-8683-000C33988C18}.Release|x86.Build.0 = Release|Any CPU
		{7D9AD604-D701-46B1-8984-5D5BEBCBA95E}.Debug|Any CPU.ActiveCfg = Debug|Any CPU
		{7D9AD604-D701-46B1-8984-5D5BEBCBA95E}.Debug|Any CPU.Build.0 = Debug|Any CPU
		{7D9AD604-D701-46B1-8984-5D5BEBCBA95E}.Debug|x64.ActiveCfg = Debug|Any CPU
		{7D9AD604-D701-46B1-8984-5D5BEBCBA95E}.Debug|x64.Build.0 = Debug|Any CPU
		{7D9AD604-D701-46B1-8984-5D5BEBCBA95E}.Debug|x86.ActiveCfg = Debug|Any CPU
		{7D9AD604-D701-46B1-8984-5D5BEBCBA95E}.Debug|x86.Build.0 = Debug|Any CPU
		{7D9AD604-D701-46B1-8984-5D5BEBCBA95E}.Release|Any CPU.ActiveCfg = Release|Any CPU
		{7D9AD604-D701-46B1-8984-5D5BEBCBA95E}.Release|Any CPU.Build.0 = Release|Any CPU
		{7D9AD604-D701-46B1-8984-5D5BEBCBA95E}.Release|x64.ActiveCfg = Release|Any CPU
		{7D9AD604-D701-46B1-8984-5D5BEBCBA95E}.Release|x64.Build.0 = Release|Any CPU
		{7D9AD604-D701-46B1-8984-5D5BEBCBA95E}.Release|x86.ActiveCfg = Release|Any CPU
		{7D9AD604-D701-46B1-8984-5D5BEBCBA95E}.Release|x86.Build.0 = Release|Any CPU
		{249D8A80-2A06-4F07-8CA4-888427B02C94}.Debug|Any CPU.ActiveCfg = Debug|Any CPU
		{249D8A80-2A06-4F07-8CA4-888427B02C94}.Debug|Any CPU.Build.0 = Debug|Any CPU
		{249D8A80-2A06-4F07-8CA4-888427B02C94}.Debug|x64.ActiveCfg = Debug|Any CPU
		{249D8A80-2A06-4F07-8CA4-888427B02C94}.Debug|x64.Build.0 = Debug|Any CPU
		{249D8A80-2A06-4F07-8CA4-888427B02C94}.Debug|x86.ActiveCfg = Debug|Any CPU
		{249D8A80-2A06-4F07-8CA4-888427B02C94}.Debug|x86.Build.0 = Debug|Any CPU
		{249D8A80-2A06-4F07-8CA4-888427B02C94}.Release|Any CPU.ActiveCfg = Release|Any CPU
		{249D8A80-2A06-4F07-8CA4-888427B02C94}.Release|Any CPU.Build.0 = Release|Any CPU
		{249D8A80-2A06-4F07-8CA4-888427B02C94}.Release|x64.ActiveCfg = Release|Any CPU
		{249D8A80-2A06-4F07-8CA4-888427B02C94}.Release|x64.Build.0 = Release|Any CPU
		{249D8A80-2A06-4F07-8CA4-888427B02C94}.Release|x86.ActiveCfg = Release|Any CPU
		{249D8A80-2A06-4F07-8CA4-888427B02C94}.Release|x86.Build.0 = Release|Any CPU
		{03427724-8605-4802-9711-D7228F8B43BF}.Debug|Any CPU.ActiveCfg = Debug|Any CPU
		{03427724-8605-4802-9711-D7228F8B43BF}.Debug|Any CPU.Build.0 = Debug|Any CPU
		{03427724-8605-4802-9711-D7228F8B43BF}.Debug|x64.ActiveCfg = Debug|Any CPU
		{03427724-8605-4802-9711-D7228F8B43BF}.Debug|x64.Build.0 = Debug|Any CPU
		{03427724-8605-4802-9711-D7228F8B43BF}.Debug|x86.ActiveCfg = Debug|Any CPU
		{03427724-8605-4802-9711-D7228F8B43BF}.Debug|x86.Build.0 = Debug|Any CPU
		{03427724-8605-4802-9711-D7228F8B43BF}.Release|Any CPU.ActiveCfg = Release|Any CPU
		{03427724-8605-4802-9711-D7228F8B43BF}.Release|Any CPU.Build.0 = Release|Any CPU
		{03427724-8605-4802-9711-D7228F8B43BF}.Release|x64.ActiveCfg = Release|Any CPU
		{03427724-8605-4802-9711-D7228F8B43BF}.Release|x64.Build.0 = Release|Any CPU
		{03427724-8605-4802-9711-D7228F8B43BF}.Release|x86.ActiveCfg = Release|Any CPU
		{03427724-8605-4802-9711-D7228F8B43BF}.Release|x86.Build.0 = Release|Any CPU
		{FF00EEB1-07BE-40D0-BE2E-1D78416C6846}.Debug|Any CPU.ActiveCfg = Debug|Any CPU
		{FF00EEB1-07BE-40D0-BE2E-1D78416C6846}.Debug|Any CPU.Build.0 = Debug|Any CPU
		{FF00EEB1-07BE-40D0-BE2E-1D78416C6846}.Debug|x64.ActiveCfg = Debug|Any CPU
		{FF00EEB1-07BE-40D0-BE2E-1D78416C6846}.Debug|x64.Build.0 = Debug|Any CPU
		{FF00EEB1-07BE-40D0-BE2E-1D78416C6846}.Debug|x86.ActiveCfg = Debug|Any CPU
		{FF00EEB1-07BE-40D0-BE2E-1D78416C6846}.Debug|x86.Build.0 = Debug|Any CPU
		{FF00EEB1-07BE-40D0-BE2E-1D78416C6846}.Release|Any CPU.ActiveCfg = Release|Any CPU
		{FF00EEB1-07BE-40D0-BE2E-1D78416C6846}.Release|Any CPU.Build.0 = Release|Any CPU
		{FF00EEB1-07BE-40D0-BE2E-1D78416C6846}.Release|x64.ActiveCfg = Release|Any CPU
		{FF00EEB1-07BE-40D0-BE2E-1D78416C6846}.Release|x64.Build.0 = Release|Any CPU
		{FF00EEB1-07BE-40D0-BE2E-1D78416C6846}.Release|x86.ActiveCfg = Release|Any CPU
		{FF00EEB1-07BE-40D0-BE2E-1D78416C6846}.Release|x86.Build.0 = Release|Any CPU
		{BC5E361D-C907-4010-8A28-CC8102210524}.Debug|Any CPU.ActiveCfg = Debug|Any CPU
		{BC5E361D-C907-4010-8A28-CC8102210524}.Debug|Any CPU.Build.0 = Debug|Any CPU
		{BC5E361D-C907-4010-8A28-CC8102210524}.Debug|x64.ActiveCfg = Debug|Any CPU
		{BC5E361D-C907-4010-8A28-CC8102210524}.Debug|x64.Build.0 = Debug|Any CPU
		{BC5E361D-C907-4010-8A28-CC8102210524}.Debug|x86.ActiveCfg = Debug|Any CPU
		{BC5E361D-C907-4010-8A28-CC8102210524}.Debug|x86.Build.0 = Debug|Any CPU
		{BC5E361D-C907-4010-8A28-CC8102210524}.Release|Any CPU.ActiveCfg = Release|Any CPU
		{BC5E361D-C907-4010-8A28-CC8102210524}.Release|Any CPU.Build.0 = Release|Any CPU
		{BC5E361D-C907-4010-8A28-CC8102210524}.Release|x64.ActiveCfg = Release|Any CPU
		{BC5E361D-C907-4010-8A28-CC8102210524}.Release|x64.Build.0 = Release|Any CPU
		{BC5E361D-C907-4010-8A28-CC8102210524}.Release|x86.ActiveCfg = Release|Any CPU
		{BC5E361D-C907-4010-8A28-CC8102210524}.Release|x86.Build.0 = Release|Any CPU
		{1C059652-8FD0-4F63-BD65-CF829280EB94}.Debug|Any CPU.ActiveCfg = Debug|Any CPU
		{1C059652-8FD0-4F63-BD65-CF829280EB94}.Debug|Any CPU.Build.0 = Debug|Any CPU
		{1C059652-8FD0-4F63-BD65-CF829280EB94}.Debug|x64.ActiveCfg = Debug|Any CPU
		{1C059652-8FD0-4F63-BD65-CF829280EB94}.Debug|x64.Build.0 = Debug|Any CPU
		{1C059652-8FD0-4F63-BD65-CF829280EB94}.Debug|x86.ActiveCfg = Debug|Any CPU
		{1C059652-8FD0-4F63-BD65-CF829280EB94}.Debug|x86.Build.0 = Debug|Any CPU
		{1C059652-8FD0-4F63-BD65-CF829280EB94}.Release|Any CPU.ActiveCfg = Release|Any CPU
		{1C059652-8FD0-4F63-BD65-CF829280EB94}.Release|Any CPU.Build.0 = Release|Any CPU
		{1C059652-8FD0-4F63-BD65-CF829280EB94}.Release|x64.ActiveCfg = Release|Any CPU
		{1C059652-8FD0-4F63-BD65-CF829280EB94}.Release|x64.Build.0 = Release|Any CPU
		{1C059652-8FD0-4F63-BD65-CF829280EB94}.Release|x86.ActiveCfg = Release|Any CPU
		{1C059652-8FD0-4F63-BD65-CF829280EB94}.Release|x86.Build.0 = Release|Any CPU
		{FF54ED74-FC31-4AA1-A876-39224F6A858F}.Debug|Any CPU.ActiveCfg = Debug|Any CPU
		{FF54ED74-FC31-4AA1-A876-39224F6A858F}.Debug|Any CPU.Build.0 = Debug|Any CPU
		{FF54ED74-FC31-4AA1-A876-39224F6A858F}.Debug|x64.ActiveCfg = Debug|Any CPU
		{FF54ED74-FC31-4AA1-A876-39224F6A858F}.Debug|x64.Build.0 = Debug|Any CPU
		{FF54ED74-FC31-4AA1-A876-39224F6A858F}.Debug|x86.ActiveCfg = Debug|Any CPU
		{FF54ED74-FC31-4AA1-A876-39224F6A858F}.Debug|x86.Build.0 = Debug|Any CPU
		{FF54ED74-FC31-4AA1-A876-39224F6A858F}.Release|Any CPU.ActiveCfg = Release|Any CPU
		{FF54ED74-FC31-4AA1-A876-39224F6A858F}.Release|Any CPU.Build.0 = Release|Any CPU
		{FF54ED74-FC31-4AA1-A876-39224F6A858F}.Release|x64.ActiveCfg = Release|Any CPU
		{FF54ED74-FC31-4AA1-A876-39224F6A858F}.Release|x64.Build.0 = Release|Any CPU
		{FF54ED74-FC31-4AA1-A876-39224F6A858F}.Release|x86.ActiveCfg = Release|Any CPU
		{FF54ED74-FC31-4AA1-A876-39224F6A858F}.Release|x86.Build.0 = Release|Any CPU
		{53D4DDBE-22B8-4D49-B94E-523535A08E59}.Debug|Any CPU.ActiveCfg = Debug|Any CPU
		{53D4DDBE-22B8-4D49-B94E-523535A08E59}.Debug|Any CPU.Build.0 = Debug|Any CPU
		{53D4DDBE-22B8-4D49-B94E-523535A08E59}.Debug|x64.ActiveCfg = Debug|Any CPU
		{53D4DDBE-22B8-4D49-B94E-523535A08E59}.Debug|x64.Build.0 = Debug|Any CPU
		{53D4DDBE-22B8-4D49-B94E-523535A08E59}.Debug|x86.ActiveCfg = Debug|Any CPU
		{53D4DDBE-22B8-4D49-B94E-523535A08E59}.Debug|x86.Build.0 = Debug|Any CPU
		{53D4DDBE-22B8-4D49-B94E-523535A08E59}.Release|Any CPU.ActiveCfg = Release|Any CPU
		{53D4DDBE-22B8-4D49-B94E-523535A08E59}.Release|Any CPU.Build.0 = Release|Any CPU
		{53D4DDBE-22B8-4D49-B94E-523535A08E59}.Release|x64.ActiveCfg = Release|Any CPU
		{53D4DDBE-22B8-4D49-B94E-523535A08E59}.Release|x64.Build.0 = Release|Any CPU
		{53D4DDBE-22B8-4D49-B94E-523535A08E59}.Release|x86.ActiveCfg = Release|Any CPU
		{53D4DDBE-22B8-4D49-B94E-523535A08E59}.Release|x86.Build.0 = Release|Any CPU
		{9109DC59-F2E3-42CC-B3E9-6558206B5525}.Debug|Any CPU.ActiveCfg = Debug|Any CPU
		{9109DC59-F2E3-42CC-B3E9-6558206B5525}.Debug|Any CPU.Build.0 = Debug|Any CPU
		{9109DC59-F2E3-42CC-B3E9-6558206B5525}.Debug|x64.ActiveCfg = Debug|Any CPU
		{9109DC59-F2E3-42CC-B3E9-6558206B5525}.Debug|x64.Build.0 = Debug|Any CPU
		{9109DC59-F2E3-42CC-B3E9-6558206B5525}.Debug|x86.ActiveCfg = Debug|Any CPU
		{9109DC59-F2E3-42CC-B3E9-6558206B5525}.Debug|x86.Build.0 = Debug|Any CPU
		{9109DC59-F2E3-42CC-B3E9-6558206B5525}.Release|Any CPU.ActiveCfg = Release|Any CPU
		{9109DC59-F2E3-42CC-B3E9-6558206B5525}.Release|Any CPU.Build.0 = Release|Any CPU
		{9109DC59-F2E3-42CC-B3E9-6558206B5525}.Release|x64.ActiveCfg = Release|Any CPU
		{9109DC59-F2E3-42CC-B3E9-6558206B5525}.Release|x64.Build.0 = Release|Any CPU
		{9109DC59-F2E3-42CC-B3E9-6558206B5525}.Release|x86.ActiveCfg = Release|Any CPU
		{9109DC59-F2E3-42CC-B3E9-6558206B5525}.Release|x86.Build.0 = Release|Any CPU
		{A1747456-BD28-4DA6-AAF8-BD108BBC69DB}.Debug|Any CPU.ActiveCfg = Debug|Any CPU
		{A1747456-BD28-4DA6-AAF8-BD108BBC69DB}.Debug|Any CPU.Build.0 = Debug|Any CPU
		{A1747456-BD28-4DA6-AAF8-BD108BBC69DB}.Debug|x64.ActiveCfg = Debug|Any CPU
		{A1747456-BD28-4DA6-AAF8-BD108BBC69DB}.Debug|x64.Build.0 = Debug|Any CPU
		{A1747456-BD28-4DA6-AAF8-BD108BBC69DB}.Debug|x86.ActiveCfg = Debug|Any CPU
		{A1747456-BD28-4DA6-AAF8-BD108BBC69DB}.Debug|x86.Build.0 = Debug|Any CPU
		{A1747456-BD28-4DA6-AAF8-BD108BBC69DB}.Release|Any CPU.ActiveCfg = Release|Any CPU
		{A1747456-BD28-4DA6-AAF8-BD108BBC69DB}.Release|Any CPU.Build.0 = Release|Any CPU
		{A1747456-BD28-4DA6-AAF8-BD108BBC69DB}.Release|x64.ActiveCfg = Release|Any CPU
		{A1747456-BD28-4DA6-AAF8-BD108BBC69DB}.Release|x64.Build.0 = Release|Any CPU
		{A1747456-BD28-4DA6-AAF8-BD108BBC69DB}.Release|x86.ActiveCfg = Release|Any CPU
		{A1747456-BD28-4DA6-AAF8-BD108BBC69DB}.Release|x86.Build.0 = Release|Any CPU
		{1A9F4426-E120-4097-9405-A38D8532C67A}.Debug|Any CPU.ActiveCfg = Debug|Any CPU
		{1A9F4426-E120-4097-9405-A38D8532C67A}.Debug|Any CPU.Build.0 = Debug|Any CPU
		{1A9F4426-E120-4097-9405-A38D8532C67A}.Debug|x64.ActiveCfg = Debug|Any CPU
		{1A9F4426-E120-4097-9405-A38D8532C67A}.Debug|x64.Build.0 = Debug|Any CPU
		{1A9F4426-E120-4097-9405-A38D8532C67A}.Debug|x86.ActiveCfg = Debug|Any CPU
		{1A9F4426-E120-4097-9405-A38D8532C67A}.Debug|x86.Build.0 = Debug|Any CPU
		{1A9F4426-E120-4097-9405-A38D8532C67A}.Release|Any CPU.ActiveCfg = Release|Any CPU
		{1A9F4426-E120-4097-9405-A38D8532C67A}.Release|Any CPU.Build.0 = Release|Any CPU
		{1A9F4426-E120-4097-9405-A38D8532C67A}.Release|x64.ActiveCfg = Release|Any CPU
		{1A9F4426-E120-4097-9405-A38D8532C67A}.Release|x64.Build.0 = Release|Any CPU
		{1A9F4426-E120-4097-9405-A38D8532C67A}.Release|x86.ActiveCfg = Release|Any CPU
		{1A9F4426-E120-4097-9405-A38D8532C67A}.Release|x86.Build.0 = Release|Any CPU
		{3E343B64-20F0-4828-A639-0A1E05264DCE}.Debug|Any CPU.ActiveCfg = Debug|Any CPU
		{3E343B64-20F0-4828-A639-0A1E05264DCE}.Debug|Any CPU.Build.0 = Debug|Any CPU
		{3E343B64-20F0-4828-A639-0A1E05264DCE}.Debug|x64.ActiveCfg = Debug|Any CPU
		{3E343B64-20F0-4828-A639-0A1E05264DCE}.Debug|x64.Build.0 = Debug|Any CPU
		{3E343B64-20F0-4828-A639-0A1E05264DCE}.Debug|x86.ActiveCfg = Debug|Any CPU
		{3E343B64-20F0-4828-A639-0A1E05264DCE}.Debug|x86.Build.0 = Debug|Any CPU
		{3E343B64-20F0-4828-A639-0A1E05264DCE}.Release|Any CPU.ActiveCfg = Release|Any CPU
		{3E343B64-20F0-4828-A639-0A1E05264DCE}.Release|Any CPU.Build.0 = Release|Any CPU
		{3E343B64-20F0-4828-A639-0A1E05264DCE}.Release|x64.ActiveCfg = Release|Any CPU
		{3E343B64-20F0-4828-A639-0A1E05264DCE}.Release|x64.Build.0 = Release|Any CPU
		{3E343B64-20F0-4828-A639-0A1E05264DCE}.Release|x86.ActiveCfg = Release|Any CPU
		{3E343B64-20F0-4828-A639-0A1E05264DCE}.Release|x86.Build.0 = Release|Any CPU
		{BE0F87B7-F90D-475A-A36A-C87B03F9963E}.Debug|Any CPU.ActiveCfg = Debug|Any CPU
		{BE0F87B7-F90D-475A-A36A-C87B03F9963E}.Debug|Any CPU.Build.0 = Debug|Any CPU
		{BE0F87B7-F90D-475A-A36A-C87B03F9963E}.Debug|x64.ActiveCfg = Debug|Any CPU
		{BE0F87B7-F90D-475A-A36A-C87B03F9963E}.Debug|x64.Build.0 = Debug|Any CPU
		{BE0F87B7-F90D-475A-A36A-C87B03F9963E}.Debug|x86.ActiveCfg = Debug|Any CPU
		{BE0F87B7-F90D-475A-A36A-C87B03F9963E}.Debug|x86.Build.0 = Debug|Any CPU
		{BE0F87B7-F90D-475A-A36A-C87B03F9963E}.Release|Any CPU.ActiveCfg = Release|Any CPU
		{BE0F87B7-F90D-475A-A36A-C87B03F9963E}.Release|Any CPU.Build.0 = Release|Any CPU
		{BE0F87B7-F90D-475A-A36A-C87B03F9963E}.Release|x64.ActiveCfg = Release|Any CPU
		{BE0F87B7-F90D-475A-A36A-C87B03F9963E}.Release|x64.Build.0 = Release|Any CPU
		{BE0F87B7-F90D-475A-A36A-C87B03F9963E}.Release|x86.ActiveCfg = Release|Any CPU
		{BE0F87B7-F90D-475A-A36A-C87B03F9963E}.Release|x86.Build.0 = Release|Any CPU
		{32C9E428-6026-4AF3-AE12-340B4E1C7F9C}.Debug|Any CPU.ActiveCfg = Debug|Any CPU
		{32C9E428-6026-4AF3-AE12-340B4E1C7F9C}.Debug|Any CPU.Build.0 = Debug|Any CPU
		{32C9E428-6026-4AF3-AE12-340B4E1C7F9C}.Debug|x64.ActiveCfg = Debug|Any CPU
		{32C9E428-6026-4AF3-AE12-340B4E1C7F9C}.Debug|x64.Build.0 = Debug|Any CPU
		{32C9E428-6026-4AF3-AE12-340B4E1C7F9C}.Debug|x86.ActiveCfg = Debug|Any CPU
		{32C9E428-6026-4AF3-AE12-340B4E1C7F9C}.Debug|x86.Build.0 = Debug|Any CPU
		{32C9E428-6026-4AF3-AE12-340B4E1C7F9C}.Release|Any CPU.ActiveCfg = Release|Any CPU
		{32C9E428-6026-4AF3-AE12-340B4E1C7F9C}.Release|Any CPU.Build.0 = Release|Any CPU
		{32C9E428-6026-4AF3-AE12-340B4E1C7F9C}.Release|x64.ActiveCfg = Release|Any CPU
		{32C9E428-6026-4AF3-AE12-340B4E1C7F9C}.Release|x64.Build.0 = Release|Any CPU
		{32C9E428-6026-4AF3-AE12-340B4E1C7F9C}.Release|x86.ActiveCfg = Release|Any CPU
		{32C9E428-6026-4AF3-AE12-340B4E1C7F9C}.Release|x86.Build.0 = Release|Any CPU
		{57A5F5CE-5FB8-4EA2-AC6A-5437B724E68D}.Debug|Any CPU.ActiveCfg = Debug|Any CPU
		{57A5F5CE-5FB8-4EA2-AC6A-5437B724E68D}.Debug|Any CPU.Build.0 = Debug|Any CPU
		{57A5F5CE-5FB8-4EA2-AC6A-5437B724E68D}.Debug|x64.ActiveCfg = Debug|Any CPU
		{57A5F5CE-5FB8-4EA2-AC6A-5437B724E68D}.Debug|x64.Build.0 = Debug|Any CPU
		{57A5F5CE-5FB8-4EA2-AC6A-5437B724E68D}.Debug|x86.ActiveCfg = Debug|Any CPU
		{57A5F5CE-5FB8-4EA2-AC6A-5437B724E68D}.Debug|x86.Build.0 = Debug|Any CPU
		{57A5F5CE-5FB8-4EA2-AC6A-5437B724E68D}.Release|Any CPU.ActiveCfg = Release|Any CPU
		{57A5F5CE-5FB8-4EA2-AC6A-5437B724E68D}.Release|Any CPU.Build.0 = Release|Any CPU
		{57A5F5CE-5FB8-4EA2-AC6A-5437B724E68D}.Release|x64.ActiveCfg = Release|Any CPU
		{57A5F5CE-5FB8-4EA2-AC6A-5437B724E68D}.Release|x64.Build.0 = Release|Any CPU
		{57A5F5CE-5FB8-4EA2-AC6A-5437B724E68D}.Release|x86.ActiveCfg = Release|Any CPU
		{57A5F5CE-5FB8-4EA2-AC6A-5437B724E68D}.Release|x86.Build.0 = Release|Any CPU
		{15893585-52A1-41C6-A7A4-089C31254B22}.Debug|Any CPU.ActiveCfg = Debug|Any CPU
		{15893585-52A1-41C6-A7A4-089C31254B22}.Debug|Any CPU.Build.0 = Debug|Any CPU
		{15893585-52A1-41C6-A7A4-089C31254B22}.Debug|x64.ActiveCfg = Debug|Any CPU
		{15893585-52A1-41C6-A7A4-089C31254B22}.Debug|x64.Build.0 = Debug|Any CPU
		{15893585-52A1-41C6-A7A4-089C31254B22}.Debug|x86.ActiveCfg = Debug|Any CPU
		{15893585-52A1-41C6-A7A4-089C31254B22}.Debug|x86.Build.0 = Debug|Any CPU
		{15893585-52A1-41C6-A7A4-089C31254B22}.Release|Any CPU.ActiveCfg = Release|Any CPU
		{15893585-52A1-41C6-A7A4-089C31254B22}.Release|Any CPU.Build.0 = Release|Any CPU
		{15893585-52A1-41C6-A7A4-089C31254B22}.Release|x64.ActiveCfg = Release|Any CPU
		{15893585-52A1-41C6-A7A4-089C31254B22}.Release|x64.Build.0 = Release|Any CPU
		{15893585-52A1-41C6-A7A4-089C31254B22}.Release|x86.ActiveCfg = Release|Any CPU
		{15893585-52A1-41C6-A7A4-089C31254B22}.Release|x86.Build.0 = Release|Any CPU
		{A3097CFD-0126-491D-91CD-7F24D9184F72}.Debug|Any CPU.ActiveCfg = Debug|Any CPU
		{A3097CFD-0126-491D-91CD-7F24D9184F72}.Debug|Any CPU.Build.0 = Debug|Any CPU
		{A3097CFD-0126-491D-91CD-7F24D9184F72}.Debug|x64.ActiveCfg = Debug|Any CPU
		{A3097CFD-0126-491D-91CD-7F24D9184F72}.Debug|x64.Build.0 = Debug|Any CPU
		{A3097CFD-0126-491D-91CD-7F24D9184F72}.Debug|x86.ActiveCfg = Debug|Any CPU
		{A3097CFD-0126-491D-91CD-7F24D9184F72}.Debug|x86.Build.0 = Debug|Any CPU
		{A3097CFD-0126-491D-91CD-7F24D9184F72}.Release|Any CPU.ActiveCfg = Release|Any CPU
		{A3097CFD-0126-491D-91CD-7F24D9184F72}.Release|Any CPU.Build.0 = Release|Any CPU
		{A3097CFD-0126-491D-91CD-7F24D9184F72}.Release|x64.ActiveCfg = Release|Any CPU
		{A3097CFD-0126-491D-91CD-7F24D9184F72}.Release|x64.Build.0 = Release|Any CPU
		{A3097CFD-0126-491D-91CD-7F24D9184F72}.Release|x86.ActiveCfg = Release|Any CPU
		{A3097CFD-0126-491D-91CD-7F24D9184F72}.Release|x86.Build.0 = Release|Any CPU
		{291A59F3-5043-4D55-BEF3-23EF76444061}.Debug|Any CPU.ActiveCfg = Debug|Any CPU
		{291A59F3-5043-4D55-BEF3-23EF76444061}.Debug|Any CPU.Build.0 = Debug|Any CPU
		{291A59F3-5043-4D55-BEF3-23EF76444061}.Debug|x64.ActiveCfg = Debug|Any CPU
		{291A59F3-5043-4D55-BEF3-23EF76444061}.Debug|x64.Build.0 = Debug|Any CPU
		{291A59F3-5043-4D55-BEF3-23EF76444061}.Debug|x86.ActiveCfg = Debug|Any CPU
		{291A59F3-5043-4D55-BEF3-23EF76444061}.Debug|x86.Build.0 = Debug|Any CPU
		{291A59F3-5043-4D55-BEF3-23EF76444061}.Release|Any CPU.ActiveCfg = Release|Any CPU
		{291A59F3-5043-4D55-BEF3-23EF76444061}.Release|Any CPU.Build.0 = Release|Any CPU
		{291A59F3-5043-4D55-BEF3-23EF76444061}.Release|x64.ActiveCfg = Release|Any CPU
		{291A59F3-5043-4D55-BEF3-23EF76444061}.Release|x64.Build.0 = Release|Any CPU
		{291A59F3-5043-4D55-BEF3-23EF76444061}.Release|x86.ActiveCfg = Release|Any CPU
		{291A59F3-5043-4D55-BEF3-23EF76444061}.Release|x86.Build.0 = Release|Any CPU
		{54A9F432-7686-4072-ABC5-6AB9FC86B3AD}.Debug|Any CPU.ActiveCfg = Debug|Any CPU
		{54A9F432-7686-4072-ABC5-6AB9FC86B3AD}.Debug|Any CPU.Build.0 = Debug|Any CPU
		{54A9F432-7686-4072-ABC5-6AB9FC86B3AD}.Debug|x64.ActiveCfg = Debug|Any CPU
		{54A9F432-7686-4072-ABC5-6AB9FC86B3AD}.Debug|x64.Build.0 = Debug|Any CPU
		{54A9F432-7686-4072-ABC5-6AB9FC86B3AD}.Debug|x86.ActiveCfg = Debug|Any CPU
		{54A9F432-7686-4072-ABC5-6AB9FC86B3AD}.Debug|x86.Build.0 = Debug|Any CPU
		{54A9F432-7686-4072-ABC5-6AB9FC86B3AD}.Release|Any CPU.ActiveCfg = Release|Any CPU
		{54A9F432-7686-4072-ABC5-6AB9FC86B3AD}.Release|Any CPU.Build.0 = Release|Any CPU
		{54A9F432-7686-4072-ABC5-6AB9FC86B3AD}.Release|x64.ActiveCfg = Release|Any CPU
		{54A9F432-7686-4072-ABC5-6AB9FC86B3AD}.Release|x64.Build.0 = Release|Any CPU
		{54A9F432-7686-4072-ABC5-6AB9FC86B3AD}.Release|x86.ActiveCfg = Release|Any CPU
		{54A9F432-7686-4072-ABC5-6AB9FC86B3AD}.Release|x86.Build.0 = Release|Any CPU
		{E9D6CFD0-CC60-4A72-BA4E-87B26A9AAACE}.Debug|Any CPU.ActiveCfg = Debug|Any CPU
		{E9D6CFD0-CC60-4A72-BA4E-87B26A9AAACE}.Debug|Any CPU.Build.0 = Debug|Any CPU
		{E9D6CFD0-CC60-4A72-BA4E-87B26A9AAACE}.Debug|x64.ActiveCfg = Debug|Any CPU
		{E9D6CFD0-CC60-4A72-BA4E-87B26A9AAACE}.Debug|x64.Build.0 = Debug|Any CPU
		{E9D6CFD0-CC60-4A72-BA4E-87B26A9AAACE}.Debug|x86.ActiveCfg = Debug|Any CPU
		{E9D6CFD0-CC60-4A72-BA4E-87B26A9AAACE}.Debug|x86.Build.0 = Debug|Any CPU
		{E9D6CFD0-CC60-4A72-BA4E-87B26A9AAACE}.Release|Any CPU.ActiveCfg = Release|Any CPU
		{E9D6CFD0-CC60-4A72-BA4E-87B26A9AAACE}.Release|Any CPU.Build.0 = Release|Any CPU
		{E9D6CFD0-CC60-4A72-BA4E-87B26A9AAACE}.Release|x64.ActiveCfg = Release|Any CPU
		{E9D6CFD0-CC60-4A72-BA4E-87B26A9AAACE}.Release|x64.Build.0 = Release|Any CPU
		{E9D6CFD0-CC60-4A72-BA4E-87B26A9AAACE}.Release|x86.ActiveCfg = Release|Any CPU
		{E9D6CFD0-CC60-4A72-BA4E-87B26A9AAACE}.Release|x86.Build.0 = Release|Any CPU
		{FDC859DB-FC23-4194-B019-6D4AFB40C37B}.Debug|Any CPU.ActiveCfg = Debug|Any CPU
		{FDC859DB-FC23-4194-B019-6D4AFB40C37B}.Debug|Any CPU.Build.0 = Debug|Any CPU
		{FDC859DB-FC23-4194-B019-6D4AFB40C37B}.Debug|x64.ActiveCfg = Debug|Any CPU
		{FDC859DB-FC23-4194-B019-6D4AFB40C37B}.Debug|x64.Build.0 = Debug|Any CPU
		{FDC859DB-FC23-4194-B019-6D4AFB40C37B}.Debug|x86.ActiveCfg = Debug|Any CPU
		{FDC859DB-FC23-4194-B019-6D4AFB40C37B}.Debug|x86.Build.0 = Debug|Any CPU
		{FDC859DB-FC23-4194-B019-6D4AFB40C37B}.Release|Any CPU.ActiveCfg = Release|Any CPU
		{FDC859DB-FC23-4194-B019-6D4AFB40C37B}.Release|Any CPU.Build.0 = Release|Any CPU
		{FDC859DB-FC23-4194-B019-6D4AFB40C37B}.Release|x64.ActiveCfg = Release|Any CPU
		{FDC859DB-FC23-4194-B019-6D4AFB40C37B}.Release|x64.Build.0 = Release|Any CPU
		{FDC859DB-FC23-4194-B019-6D4AFB40C37B}.Release|x86.ActiveCfg = Release|Any CPU
		{FDC859DB-FC23-4194-B019-6D4AFB40C37B}.Release|x86.Build.0 = Release|Any CPU
		{FC4E43D4-8068-432D-8893-FEDBEA22C542}.Debug|Any CPU.ActiveCfg = Debug|Any CPU
		{FC4E43D4-8068-432D-8893-FEDBEA22C542}.Debug|Any CPU.Build.0 = Debug|Any CPU
		{FC4E43D4-8068-432D-8893-FEDBEA22C542}.Debug|x64.ActiveCfg = Debug|Any CPU
		{FC4E43D4-8068-432D-8893-FEDBEA22C542}.Debug|x64.Build.0 = Debug|Any CPU
		{FC4E43D4-8068-432D-8893-FEDBEA22C542}.Debug|x86.ActiveCfg = Debug|Any CPU
		{FC4E43D4-8068-432D-8893-FEDBEA22C542}.Debug|x86.Build.0 = Debug|Any CPU
		{FC4E43D4-8068-432D-8893-FEDBEA22C542}.Release|Any CPU.ActiveCfg = Release|Any CPU
		{FC4E43D4-8068-432D-8893-FEDBEA22C542}.Release|Any CPU.Build.0 = Release|Any CPU
		{FC4E43D4-8068-432D-8893-FEDBEA22C542}.Release|x64.ActiveCfg = Release|Any CPU
		{FC4E43D4-8068-432D-8893-FEDBEA22C542}.Release|x64.Build.0 = Release|Any CPU
		{FC4E43D4-8068-432D-8893-FEDBEA22C542}.Release|x86.ActiveCfg = Release|Any CPU
		{FC4E43D4-8068-432D-8893-FEDBEA22C542}.Release|x86.Build.0 = Release|Any CPU
		{A37D7B68-BB16-4631-B57A-F466A004A103}.Debug|Any CPU.ActiveCfg = Debug|Any CPU
		{A37D7B68-BB16-4631-B57A-F466A004A103}.Debug|Any CPU.Build.0 = Debug|Any CPU
		{A37D7B68-BB16-4631-B57A-F466A004A103}.Debug|x64.ActiveCfg = Debug|Any CPU
		{A37D7B68-BB16-4631-B57A-F466A004A103}.Debug|x64.Build.0 = Debug|Any CPU
		{A37D7B68-BB16-4631-B57A-F466A004A103}.Debug|x86.ActiveCfg = Debug|Any CPU
		{A37D7B68-BB16-4631-B57A-F466A004A103}.Debug|x86.Build.0 = Debug|Any CPU
		{A37D7B68-BB16-4631-B57A-F466A004A103}.Release|Any CPU.ActiveCfg = Release|Any CPU
		{A37D7B68-BB16-4631-B57A-F466A004A103}.Release|Any CPU.Build.0 = Release|Any CPU
		{A37D7B68-BB16-4631-B57A-F466A004A103}.Release|x64.ActiveCfg = Release|Any CPU
		{A37D7B68-BB16-4631-B57A-F466A004A103}.Release|x64.Build.0 = Release|Any CPU
		{A37D7B68-BB16-4631-B57A-F466A004A103}.Release|x86.ActiveCfg = Release|Any CPU
		{A37D7B68-BB16-4631-B57A-F466A004A103}.Release|x86.Build.0 = Release|Any CPU
		{82431B3A-36DA-43E5-8C3F-F28884747821}.Debug|Any CPU.ActiveCfg = Debug|Any CPU
		{82431B3A-36DA-43E5-8C3F-F28884747821}.Debug|Any CPU.Build.0 = Debug|Any CPU
		{82431B3A-36DA-43E5-8C3F-F28884747821}.Debug|x64.ActiveCfg = Debug|Any CPU
		{82431B3A-36DA-43E5-8C3F-F28884747821}.Debug|x64.Build.0 = Debug|Any CPU
		{82431B3A-36DA-43E5-8C3F-F28884747821}.Debug|x86.ActiveCfg = Debug|Any CPU
		{82431B3A-36DA-43E5-8C3F-F28884747821}.Debug|x86.Build.0 = Debug|Any CPU
		{82431B3A-36DA-43E5-8C3F-F28884747821}.Release|Any CPU.ActiveCfg = Release|Any CPU
		{82431B3A-36DA-43E5-8C3F-F28884747821}.Release|Any CPU.Build.0 = Release|Any CPU
		{82431B3A-36DA-43E5-8C3F-F28884747821}.Release|x64.ActiveCfg = Release|Any CPU
		{82431B3A-36DA-43E5-8C3F-F28884747821}.Release|x64.Build.0 = Release|Any CPU
		{82431B3A-36DA-43E5-8C3F-F28884747821}.Release|x86.ActiveCfg = Release|Any CPU
		{82431B3A-36DA-43E5-8C3F-F28884747821}.Release|x86.Build.0 = Release|Any CPU
		{57153E0D-C0AB-4DAD-B49D-463D0EA22C11}.Debug|Any CPU.ActiveCfg = Debug|Any CPU
		{57153E0D-C0AB-4DAD-B49D-463D0EA22C11}.Debug|Any CPU.Build.0 = Debug|Any CPU
		{57153E0D-C0AB-4DAD-B49D-463D0EA22C11}.Debug|x64.ActiveCfg = Debug|Any CPU
		{57153E0D-C0AB-4DAD-B49D-463D0EA22C11}.Debug|x64.Build.0 = Debug|Any CPU
		{57153E0D-C0AB-4DAD-B49D-463D0EA22C11}.Debug|x86.ActiveCfg = Debug|Any CPU
		{57153E0D-C0AB-4DAD-B49D-463D0EA22C11}.Debug|x86.Build.0 = Debug|Any CPU
		{57153E0D-C0AB-4DAD-B49D-463D0EA22C11}.Release|Any CPU.ActiveCfg = Release|Any CPU
		{57153E0D-C0AB-4DAD-B49D-463D0EA22C11}.Release|Any CPU.Build.0 = Release|Any CPU
		{57153E0D-C0AB-4DAD-B49D-463D0EA22C11}.Release|x64.ActiveCfg = Release|Any CPU
		{57153E0D-C0AB-4DAD-B49D-463D0EA22C11}.Release|x64.Build.0 = Release|Any CPU
		{57153E0D-C0AB-4DAD-B49D-463D0EA22C11}.Release|x86.ActiveCfg = Release|Any CPU
		{57153E0D-C0AB-4DAD-B49D-463D0EA22C11}.Release|x86.Build.0 = Release|Any CPU
		{B2C3D4E5-F6A7-8901-BCDE-F01234567891}.Debug|Any CPU.ActiveCfg = Debug|Any CPU
		{B2C3D4E5-F6A7-8901-BCDE-F01234567891}.Debug|Any CPU.Build.0 = Debug|Any CPU
		{B2C3D4E5-F6A7-8901-BCDE-F01234567891}.Debug|x64.ActiveCfg = Debug|Any CPU
		{B2C3D4E5-F6A7-8901-BCDE-F01234567891}.Debug|x64.Build.0 = Debug|Any CPU
		{B2C3D4E5-F6A7-8901-BCDE-F01234567891}.Debug|x86.ActiveCfg = Debug|Any CPU
		{B2C3D4E5-F6A7-8901-BCDE-F01234567891}.Debug|x86.Build.0 = Debug|Any CPU
		{B2C3D4E5-F6A7-8901-BCDE-F01234567891}.Release|Any CPU.ActiveCfg = Release|Any CPU
		{B2C3D4E5-F6A7-8901-BCDE-F01234567891}.Release|Any CPU.Build.0 = Release|Any CPU
		{B2C3D4E5-F6A7-8901-BCDE-F01234567891}.Release|x64.ActiveCfg = Release|Any CPU
		{B2C3D4E5-F6A7-8901-BCDE-F01234567891}.Release|x64.Build.0 = Release|Any CPU
		{B2C3D4E5-F6A7-8901-BCDE-F01234567891}.Release|x86.ActiveCfg = Release|Any CPU
		{B2C3D4E5-F6A7-8901-BCDE-F01234567891}.Release|x86.Build.0 = Release|Any CPU
		{C3D4E5F6-A7B8-9012-CDEF-012345678902}.Debug|Any CPU.ActiveCfg = Debug|Any CPU
		{C3D4E5F6-A7B8-9012-CDEF-012345678902}.Debug|Any CPU.Build.0 = Debug|Any CPU
		{C3D4E5F6-A7B8-9012-CDEF-012345678902}.Debug|x64.ActiveCfg = Debug|Any CPU
		{C3D4E5F6-A7B8-9012-CDEF-012345678902}.Debug|x64.Build.0 = Debug|Any CPU
		{C3D4E5F6-A7B8-9012-CDEF-012345678902}.Debug|x86.ActiveCfg = Debug|Any CPU
		{C3D4E5F6-A7B8-9012-CDEF-012345678902}.Debug|x86.Build.0 = Debug|Any CPU
		{C3D4E5F6-A7B8-9012-CDEF-012345678902}.Release|Any CPU.ActiveCfg = Release|Any CPU
		{C3D4E5F6-A7B8-9012-CDEF-012345678902}.Release|Any CPU.Build.0 = Release|Any CPU
		{C3D4E5F6-A7B8-9012-CDEF-012345678902}.Release|x64.ActiveCfg = Release|Any CPU
		{C3D4E5F6-A7B8-9012-CDEF-012345678902}.Release|x64.Build.0 = Release|Any CPU
		{C3D4E5F6-A7B8-9012-CDEF-012345678902}.Release|x86.ActiveCfg = Release|Any CPU
		{C3D4E5F6-A7B8-9012-CDEF-012345678902}.Release|x86.Build.0 = Release|Any CPU
		{BF66358A-FDF1-40CB-9046-FDE2F4A9EEF1}.Debug|Any CPU.ActiveCfg = Debug|Any CPU
		{BF66358A-FDF1-40CB-9046-FDE2F4A9EEF1}.Debug|Any CPU.Build.0 = Debug|Any CPU
		{BF66358A-FDF1-40CB-9046-FDE2F4A9EEF1}.Debug|x64.ActiveCfg = Debug|Any CPU
		{BF66358A-FDF1-40CB-9046-FDE2F4A9EEF1}.Debug|x64.Build.0 = Debug|Any CPU
		{BF66358A-FDF1-40CB-9046-FDE2F4A9EEF1}.Debug|x86.ActiveCfg = Debug|Any CPU
		{BF66358A-FDF1-40CB-9046-FDE2F4A9EEF1}.Debug|x86.Build.0 = Debug|Any CPU
		{BF66358A-FDF1-40CB-9046-FDE2F4A9EEF1}.Release|Any CPU.ActiveCfg = Release|Any CPU
		{BF66358A-FDF1-40CB-9046-FDE2F4A9EEF1}.Release|Any CPU.Build.0 = Release|Any CPU
		{BF66358A-FDF1-40CB-9046-FDE2F4A9EEF1}.Release|x64.ActiveCfg = Release|Any CPU
		{BF66358A-FDF1-40CB-9046-FDE2F4A9EEF1}.Release|x64.Build.0 = Release|Any CPU
		{BF66358A-FDF1-40CB-9046-FDE2F4A9EEF1}.Release|x86.ActiveCfg = Release|Any CPU
		{BF66358A-FDF1-40CB-9046-FDE2F4A9EEF1}.Release|x86.Build.0 = Release|Any CPU
	EndGlobalSection
	GlobalSection(SolutionProperties) = preSolution
		HideSolutionNode = FALSE
	EndGlobalSection
	GlobalSection(NestedProjects) = preSolution
		{1167A104-E873-467D-8683-000C33988C18} = {D585295F-7994-3649-1065-7AA403C41681}
		{7D9AD604-D701-46B1-8984-5D5BEBCBA95E} = {D585295F-7994-3649-1065-7AA403C41681}
		{249D8A80-2A06-4F07-8CA4-888427B02C94} = {D585295F-7994-3649-1065-7AA403C41681}
		{03427724-8605-4802-9711-D7228F8B43BF} = {96325926-29F6-0B84-8A4B-7BABB1BC774A}
		{8322FE1F-D5B6-B8B3-60A9-1037745FCEB7} = {6549D739-F68F-20E4-1164-8F5FB18DFBD5}
		{2B6B08A5-6F25-22A2-72D7-62F1E1F27E74} = {8322FE1F-D5B6-B8B3-60A9-1037745FCEB7}
		{FF00EEB1-07BE-40D0-BE2E-1D78416C6846} = {2B6B08A5-6F25-22A2-72D7-62F1E1F27E74}
		{264091AB-4DDE-7A6A-C275-71E0B9D977C4} = {6549D739-F68F-20E4-1164-8F5FB18DFBD5}
		{469CF97D-7777-7179-0F4D-73A5923FC385} = {264091AB-4DDE-7A6A-C275-71E0B9D977C4}
		{BC5E361D-C907-4010-8A28-CC8102210524} = {469CF97D-7777-7179-0F4D-73A5923FC385}
		{1C059652-8FD0-4F63-BD65-CF829280EB94} = {D585295F-7994-3649-1065-7AA403C41681}
		{FF54ED74-FC31-4AA1-A876-39224F6A858F} = {D585295F-7994-3649-1065-7AA403C41681}
		{53D4DDBE-22B8-4D49-B94E-523535A08E59} = {D585295F-7994-3649-1065-7AA403C41681}
		{9109DC59-F2E3-42CC-B3E9-6558206B5525} = {B36A84DF-456D-A817-6EDD-3EC3E7F6E11F}
		{A1747456-BD28-4DA6-AAF8-BD108BBC69DB} = {B36A84DF-456D-A817-6EDD-3EC3E7F6E11F}
		{1A9F4426-E120-4097-9405-A38D8532C67A} = {B36A84DF-456D-A817-6EDD-3EC3E7F6E11F}
		{3E343B64-20F0-4828-A639-0A1E05264DCE} = {B36A84DF-456D-A817-6EDD-3EC3E7F6E11F}
		{BE0F87B7-F90D-475A-A36A-C87B03F9963E} = {B36A84DF-456D-A817-6EDD-3EC3E7F6E11F}
		{32C9E428-6026-4AF3-AE12-340B4E1C7F9C} = {B36A84DF-456D-A817-6EDD-3EC3E7F6E11F}
		{57A5F5CE-5FB8-4EA2-AC6A-5437B724E68D} = {9D4504F6-C258-95D7-6D4D-E8C508D09056}
		{15893585-52A1-41C6-A7A4-089C31254B22} = {B36A84DF-456D-A817-6EDD-3EC3E7F6E11F}
		{A3097CFD-0126-491D-91CD-7F24D9184F72} = {B36A84DF-456D-A817-6EDD-3EC3E7F6E11F}
		{291A59F3-5043-4D55-BEF3-23EF76444061} = {469CF97D-7777-7179-0F4D-73A5923FC385}
		{54A9F432-7686-4072-ABC5-6AB9FC86B3AD} = {B36A84DF-456D-A817-6EDD-3EC3E7F6E11F}
		{E9D6CFD0-CC60-4A72-BA4E-87B26A9AAACE} = {B36A84DF-456D-A817-6EDD-3EC3E7F6E11F}
		{FDC859DB-FC23-4194-B019-6D4AFB40C37B} = {B36A84DF-456D-A817-6EDD-3EC3E7F6E11F}
		{FC4E43D4-8068-432D-8893-FEDBEA22C542} = {9D4504F6-C258-95D7-6D4D-E8C508D09056}
		{A37D7B68-BB16-4631-B57A-F466A004A103} = {96325926-29F6-0B84-8A4B-7BABB1BC774A}
		{82431B3A-36DA-43E5-8C3F-F28884747821} = {104D6D83-5915-BAB6-8369-38FF5955A492}
		{57153E0D-C0AB-4DAD-B49D-463D0EA22C11} = {104D6D83-5915-BAB6-8369-38FF5955A492}
		{B2C3D4E5-F6A7-8901-BCDE-F01234567891} = {A1B2C3D4-E5F6-7890-ABCD-EF1234567890}
		{C3D4E5F6-A7B8-9012-CDEF-012345678902} = {A1B2C3D4-E5F6-7890-ABCD-EF1234567890}
		{4D76E403-0C9B-1563-5352-B9077741F715} = {96325926-29F6-0B84-8A4B-7BABB1BC774A}
		{BF66358A-FDF1-40CB-9046-FDE2F4A9EEF1} = {4D76E403-0C9B-1563-5352-B9077741F715}
	EndGlobalSection
EndGlobal
